PODS:
  - Bolts/Tasks (1.9.1)
  - MBProgressHUD (1.2.0)
  - Parse (1.19.2):
    - Parse/Core (= 1.19.2)
  - Parse/Core (1.19.2):
    - Bolts/Tasks (= 1.9.1)
  - Reusable (4.1.1):
    - Reusable/Storyboard (= 4.1.1)
    - Reusable/View (= 4.1.1)
  - Reusable/Storyboard (4.1.1)
  - Reusable/View (4.1.1)
  - RxCocoa (6.2.0):
    - RxRelay (= 6.2.0)
    - RxSwift (= 6.2.0)
  - RxRelay (6.2.0):
    - RxSwift (= 6.2.0)
  - RxSwift (6.2.0)

DEPENDENCIES:
  - MBProgressHUD (= 1.2.0)
  - Parse (= 1.19.2)
  - Reusable (= 4.1.1)
  - RxCocoa (= 6.2.0)
  - RxSwift (= 6.2.0)

SPEC REPOS:
  trunk:
    - Bolts
    - MBProgressHUD
    - Parse
    - Reusable
    - RxCocoa
    - RxRelay
    - RxSwift

SPEC CHECKSUMS:
  Bolts: 8c1e8aab2f603387b8b9924f57d1d64f43d3ffdc
  MBProgressHUD: 3ee5efcc380f6a79a7cc9b363dd669c5e1ae7406
  Parse: 081fb8755c3000fd11df817eec235def233d0af3
  Reusable: 53a9acf5c536f229b31b5865782414b508252ddb
  RxCocoa: 4baf94bb35f2c0ab31bc0cb9f1900155f646ba42
  RxRelay: e72dbfd157807478401ef1982e1c61c945c94b2f
  RxSwift: d356ab7bee873611322f134c5f9ef379fa183d8f

PODFILE CHECKSUM: e6c20c261d510a61f0c5c3b64ebfeea48ac73dff

COCOAPODS: 1.10.1
