PODS:
  - Bolts/Tasks (1.9.1)
  - Parse (1.19.2):
    - Parse/Core (= 1.19.2)
  - Parse/Core (1.19.2):
    - Bolts/Tasks (= 1.9.1)

DEPENDENCIES:
  - Parse (= 1.19.2)

SPEC REPOS:
  trunk:
    - Bolts
    - Parse

SPEC CHECKSUMS:
  Bolts: 8c1e8aab2f603387b8b9924f57d1d64f43d3ffdc
  Parse: 081fb8755c3000fd11df817eec235def233d0af3

PODFILE CHECKSUM: 091671e4c8c700df561d5326e72684d2e7abd66b

COCOAPODS: 1.10.1
