// !$*UTF8*$!
{
	archiveVersion = 1;
	classes = {
	};
	objectVersion = 51;
	objects = {

/* Begin PBXBuildFile section */
		0300D23826CE86A4009A5127 /* SignUpViewController.xib in Resources */ = {isa = PBXBuildFile; fileRef = 0300D23726CE86A4009A5127 /* SignUpViewController.xib */; };
		0300D23A26CE8902009A5127 /* LogInViewController.xib in Resources */ = {isa = PBXBuildFile; fileRef = 0300D23926CE8902009A5127 /* LogInViewController.xib */; };
		0300D23C26CE96AC009A5127 /* User.swift in Sources */ = {isa = PBXBuildFile; fileRef = 0300D23B26CE96AC009A5127 /* User.swift */; };
		0300D24126CEC775009A5127 /* DetailsViewController.xib in Resources */ = {isa = PBXBuildFile; fileRef = 0300D24026CEC775009A5127 /* DetailsViewController.xib */; };
		0300D24526CECCC3009A5127 /* SignUpViewController.swift in Sources */ = {isa = PBXBuildFile; fileRef = 0300D24426CECCC3009A5127 /* SignUpViewController.swift */; };
		0300D24726CECCD1009A5127 /* LogInViewController.swift in Sources */ = {isa = PBXBuildFile; fileRef = 0300D24626CECCD1009A5127 /* LogInViewController.swift */; };
		0300D24926CECD1B009A5127 /* SignUpPresenter.swift in Sources */ = {isa = PBXBuildFile; fileRef = 0300D24826CECD1B009A5127 /* SignUpPresenter.swift */; };
		0300D24B26CECD2E009A5127 /* SignUpView.swift in Sources */ = {isa = PBXBuildFile; fileRef = 0300D24A26CECD2E009A5127 /* SignUpView.swift */; };
		0300D24D26CECD40009A5127 /* LogInPresenter.swift in Sources */ = {isa = PBXBuildFile; fileRef = 0300D24C26CECD40009A5127 /* LogInPresenter.swift */; };
		0300D24F26CECD4E009A5127 /* LogInView.swift in Sources */ = {isa = PBXBuildFile; fileRef = 0300D24E26CECD4E009A5127 /* LogInView.swift */; };
		0374E03A268C878000E535B6 /* CustomTableViewCell.swift in Sources */ = {isa = PBXBuildFile; fileRef = 0374E038268C878000E535B6 /* CustomTableViewCell.swift */; };
		0374E03B268C878000E535B6 /* CustomTableViewCell.xib in Resources */ = {isa = PBXBuildFile; fileRef = 0374E039268C878000E535B6 /* CustomTableViewCell.xib */; };
		038B82AD26B072410094375D /* Movie.swift in Sources */ = {isa = PBXBuildFile; fileRef = 038B82AC26B072410094375D /* Movie.swift */; };
		038B82AF26B0724F0094375D /* Details.swift in Sources */ = {isa = PBXBuildFile; fileRef = 038B82AE26B0724F0094375D /* Details.swift */; };
		03C07DE726A8B4DA00F68D2C /* MoviesPresenter.swift in Sources */ = {isa = PBXBuildFile; fileRef = 03C07DE626A8B4DA00F68D2C /* MoviesPresenter.swift */; };
		03C07DE926A8B4E800F68D2C /* MoviesView.swift in Sources */ = {isa = PBXBuildFile; fileRef = 03C07DE826A8B4E800F68D2C /* MoviesView.swift */; };
		03D1599F268A533A001E3144 /* MoviesViewController.xib in Resources */ = {isa = PBXBuildFile; fileRef = 03D1599E268A533A001E3144 /* MoviesViewController.xib */; };
		03D486F126CFC9A5002E3769 /* Style.swift in Sources */ = {isa = PBXBuildFile; fileRef = 03D486F026CFC9A5002E3769 /* Style.swift */; };
		03D486F326D015B1002E3769 /* InputValidity.swift in Sources */ = {isa = PBXBuildFile; fileRef = 03D486F226D015B1002E3769 /* InputValidity.swift */; };
		03D486F526D01617002E3769 /* InputValidator.swift in Sources */ = {isa = PBXBuildFile; fileRef = 03D486F426D01617002E3769 /* InputValidator.swift */; };
		60165CF4AAE6DC94E2777BDF /* Pods_Studio_Ghibli_Movies.framework in Frameworks */ = {isa = PBXBuildFile; fileRef = 819D9C0DB4D311270FD910EE /* Pods_Studio_Ghibli_Movies.framework */; };
		D23E9C90264CEB1500312A56 /* AppDelegate.swift in Sources */ = {isa = PBXBuildFile; fileRef = D23E9C8F264CEB1500312A56 /* AppDelegate.swift */; };
		D23E9C92264CEB1500312A56 /* SceneDelegate.swift in Sources */ = {isa = PBXBuildFile; fileRef = D23E9C91264CEB1500312A56 /* SceneDelegate.swift */; };
		D23E9C9C264CEB2100312A56 /* Assets.xcassets in Resources */ = {isa = PBXBuildFile; fileRef = D23E9C9B264CEB2100312A56 /* Assets.xcassets */; };
		D23E9C9F264CEB2100312A56 /* LaunchScreen.storyboard in Resources */ = {isa = PBXBuildFile; fileRef = D23E9C9D264CEB2100312A56 /* LaunchScreen.storyboard */; };
		D23E9CB1264E04E000312A56 /* MovieData.swift in Sources */ = {isa = PBXBuildFile; fileRef = D23E9CB0264E04E000312A56 /* MovieData.swift */; };
		D23E9CB7264EBFF900312A56 /* DetailsViewController.swift in Sources */ = {isa = PBXBuildFile; fileRef = D23E9CB6264EBFF900312A56 /* DetailsViewController.swift */; };
		D23E9CE4265084A700312A56 /* MoviesViewController.swift in Sources */ = {isa = PBXBuildFile; fileRef = D23E9CE3265084A700312A56 /* MoviesViewController.swift */; };
		D2742CED26C6F7E800F0D962 /* ErrorType.swift in Sources */ = {isa = PBXBuildFile; fileRef = D2742CEC26C6F7E800F0D962 /* ErrorType.swift */; };
		D2742D0D26CC2E2F00F0D962 /* Strings.swift in Sources */ = {isa = PBXBuildFile; fileRef = D2742D0C26CC2E2F00F0D962 /* Strings.swift */; };
		D2742D1026CC2E4B00F0D962 /* Localizable.strings in Resources */ = {isa = PBXBuildFile; fileRef = D2742D0E26CC2E4B00F0D962 /* Localizable.strings */; };
		D2742D1226CC322800F0D962 /* Info.plist in Resources */ = {isa = PBXBuildFile; fileRef = D2742CFE26CC282700F0D962 /* Info.plist */; };
		D2D8211326546A18004328C3 /* RxRequest.swift in Sources */ = {isa = PBXBuildFile; fileRef = D2D8211226546A18004328C3 /* RxRequest.swift */; };
		D2D8211526546AE3004328C3 /* DataBase.swift in Sources */ = {isa = PBXBuildFile; fileRef = D2D8211426546AE3004328C3 /* DataBase.swift */; };
		E96E7FD926C6DCF900099E09 /* RxParse.swift in Sources */ = {isa = PBXBuildFile; fileRef = E96E7FD826C6DCF900099E09 /* RxParse.swift */; };
		E9C8726726A5E04D0064234E /* DetailsPresenter.swift in Sources */ = {isa = PBXBuildFile; fileRef = E9C8726626A5E04D0064234E /* DetailsPresenter.swift */; };
		E9C8726926A5E2BC0064234E /* DetailsView.swift in Sources */ = {isa = PBXBuildFile; fileRef = E9C8726826A5E2BC0064234E /* DetailsView.swift */; };
/* End PBXBuildFile section */

/* Begin PBXFileReference section */
		0300D23726CE86A4009A5127 /* SignUpViewController.xib */ = {isa = PBXFileReference; lastKnownFileType = file.xib; path = SignUpViewController.xib; sourceTree = "<group>"; };
		0300D23926CE8902009A5127 /* LogInViewController.xib */ = {isa = PBXFileReference; lastKnownFileType = file.xib; path = LogInViewController.xib; sourceTree = "<group>"; };
		0300D23B26CE96AC009A5127 /* User.swift */ = {isa = PBXFileReference; lastKnownFileType = sourcecode.swift; path = User.swift; sourceTree = "<group>"; };
		0300D24026CEC775009A5127 /* DetailsViewController.xib */ = {isa = PBXFileReference; fileEncoding = 4; lastKnownFileType = file.xib; path = DetailsViewController.xib; sourceTree = "<group>"; };
		0300D24426CECCC3009A5127 /* SignUpViewController.swift */ = {isa = PBXFileReference; lastKnownFileType = sourcecode.swift; path = SignUpViewController.swift; sourceTree = "<group>"; };
		0300D24626CECCD1009A5127 /* LogInViewController.swift */ = {isa = PBXFileReference; lastKnownFileType = sourcecode.swift; path = LogInViewController.swift; sourceTree = "<group>"; };
		0300D24826CECD1B009A5127 /* SignUpPresenter.swift */ = {isa = PBXFileReference; lastKnownFileType = sourcecode.swift; path = SignUpPresenter.swift; sourceTree = "<group>"; };
		0300D24A26CECD2E009A5127 /* SignUpView.swift */ = {isa = PBXFileReference; lastKnownFileType = sourcecode.swift; path = SignUpView.swift; sourceTree = "<group>"; };
		0300D24C26CECD40009A5127 /* LogInPresenter.swift */ = {isa = PBXFileReference; lastKnownFileType = sourcecode.swift; path = LogInPresenter.swift; sourceTree = "<group>"; };
		0300D24E26CECD4E009A5127 /* LogInView.swift */ = {isa = PBXFileReference; lastKnownFileType = sourcecode.swift; path = LogInView.swift; sourceTree = "<group>"; };
		0374E038268C878000E535B6 /* CustomTableViewCell.swift */ = {isa = PBXFileReference; lastKnownFileType = sourcecode.swift; path = CustomTableViewCell.swift; sourceTree = "<group>"; };
		0374E039268C878000E535B6 /* CustomTableViewCell.xib */ = {isa = PBXFileReference; lastKnownFileType = file.xib; path = CustomTableViewCell.xib; sourceTree = "<group>"; };
		038B82AC26B072410094375D /* Movie.swift */ = {isa = PBXFileReference; lastKnownFileType = sourcecode.swift; path = Movie.swift; sourceTree = "<group>"; };
		038B82AE26B0724F0094375D /* Details.swift */ = {isa = PBXFileReference; lastKnownFileType = sourcecode.swift; path = Details.swift; sourceTree = "<group>"; };
		03C07DE626A8B4DA00F68D2C /* MoviesPresenter.swift */ = {isa = PBXFileReference; lastKnownFileType = sourcecode.swift; path = MoviesPresenter.swift; sourceTree = "<group>"; };
		03C07DE826A8B4E800F68D2C /* MoviesView.swift */ = {isa = PBXFileReference; lastKnownFileType = sourcecode.swift; path = MoviesView.swift; sourceTree = "<group>"; };
		03D1599E268A533A001E3144 /* MoviesViewController.xib */ = {isa = PBXFileReference; fileEncoding = 4; lastKnownFileType = file.xib; path = MoviesViewController.xib; sourceTree = "<group>"; };
		03D486F026CFC9A5002E3769 /* Style.swift */ = {isa = PBXFileReference; lastKnownFileType = sourcecode.swift; path = Style.swift; sourceTree = "<group>"; };
		03D486F226D015B1002E3769 /* InputValidity.swift */ = {isa = PBXFileReference; lastKnownFileType = sourcecode.swift; path = InputValidity.swift; sourceTree = "<group>"; };
		03D486F426D01617002E3769 /* InputValidator.swift */ = {isa = PBXFileReference; lastKnownFileType = sourcecode.swift; path = InputValidator.swift; sourceTree = "<group>"; };
		819D9C0DB4D311270FD910EE /* Pods_Studio_Ghibli_Movies.framework */ = {isa = PBXFileReference; explicitFileType = wrapper.framework; includeInIndex = 0; path = Pods_Studio_Ghibli_Movies.framework; sourceTree = BUILT_PRODUCTS_DIR; };
		BAB65E4BED664886EC859F61 /* Pods-Studio Ghibli Movies.debug.xcconfig */ = {isa = PBXFileReference; includeInIndex = 1; lastKnownFileType = text.xcconfig; name = "Pods-Studio Ghibli Movies.debug.xcconfig"; path = "Target Support Files/Pods-Studio Ghibli Movies/Pods-Studio Ghibli Movies.debug.xcconfig"; sourceTree = "<group>"; };
		CB6325ED92742E895322AC53 /* Pods-Studio Ghibli Movies.release.xcconfig */ = {isa = PBXFileReference; includeInIndex = 1; lastKnownFileType = text.xcconfig; name = "Pods-Studio Ghibli Movies.release.xcconfig"; path = "Target Support Files/Pods-Studio Ghibli Movies/Pods-Studio Ghibli Movies.release.xcconfig"; sourceTree = "<group>"; };
		D23E9C8C264CEB1500312A56 /* Studio Ghibli Movies.app */ = {isa = PBXFileReference; explicitFileType = wrapper.application; includeInIndex = 0; path = "Studio Ghibli Movies.app"; sourceTree = BUILT_PRODUCTS_DIR; };
		D23E9C8F264CEB1500312A56 /* AppDelegate.swift */ = {isa = PBXFileReference; lastKnownFileType = sourcecode.swift; path = AppDelegate.swift; sourceTree = "<group>"; };
		D23E9C91264CEB1500312A56 /* SceneDelegate.swift */ = {isa = PBXFileReference; lastKnownFileType = sourcecode.swift; path = SceneDelegate.swift; sourceTree = "<group>"; };
		D23E9C9B264CEB2100312A56 /* Assets.xcassets */ = {isa = PBXFileReference; lastKnownFileType = folder.assetcatalog; path = Assets.xcassets; sourceTree = "<group>"; };
		D23E9C9E264CEB2100312A56 /* Base */ = {isa = PBXFileReference; lastKnownFileType = file.storyboard; name = Base; path = Base.lproj/LaunchScreen.storyboard; sourceTree = "<group>"; };
		D23E9CB0264E04E000312A56 /* MovieData.swift */ = {isa = PBXFileReference; lastKnownFileType = sourcecode.swift; path = MovieData.swift; sourceTree = "<group>"; };
		D23E9CB6264EBFF900312A56 /* DetailsViewController.swift */ = {isa = PBXFileReference; lastKnownFileType = sourcecode.swift; path = DetailsViewController.swift; sourceTree = "<group>"; };
		D23E9CE3265084A700312A56 /* MoviesViewController.swift */ = {isa = PBXFileReference; lastKnownFileType = sourcecode.swift; path = MoviesViewController.swift; sourceTree = "<group>"; };
		D2742CEC26C6F7E800F0D962 /* ErrorType.swift */ = {isa = PBXFileReference; lastKnownFileType = sourcecode.swift; path = ErrorType.swift; sourceTree = "<group>"; };
		D2742CFD26CC282700F0D962 /* Base */ = {isa = PBXFileReference; lastKnownFileType = text.plist.xml; name = Base; path = Base.lproj/Info.plist; sourceTree = "<group>"; };
		D2742D0C26CC2E2F00F0D962 /* Strings.swift */ = {isa = PBXFileReference; fileEncoding = 4; lastKnownFileType = sourcecode.swift; path = Strings.swift; sourceTree = "<group>"; };
		D2742D0F26CC2E4B00F0D962 /* Base */ = {isa = PBXFileReference; lastKnownFileType = text.plist.strings; name = Base; path = Base.lproj/Localizable.strings; sourceTree = "<group>"; };
		D2D8211226546A18004328C3 /* RxRequest.swift */ = {isa = PBXFileReference; lastKnownFileType = sourcecode.swift; path = RxRequest.swift; sourceTree = "<group>"; };
		D2D8211426546AE3004328C3 /* DataBase.swift */ = {isa = PBXFileReference; lastKnownFileType = sourcecode.swift; path = DataBase.swift; sourceTree = "<group>"; };
		E96E7FD826C6DCF900099E09 /* RxParse.swift */ = {isa = PBXFileReference; lastKnownFileType = sourcecode.swift; path = RxParse.swift; sourceTree = "<group>"; };
		E9C8726626A5E04D0064234E /* DetailsPresenter.swift */ = {isa = PBXFileReference; lastKnownFileType = sourcecode.swift; path = DetailsPresenter.swift; sourceTree = "<group>"; };
		E9C8726826A5E2BC0064234E /* DetailsView.swift */ = {isa = PBXFileReference; lastKnownFileType = sourcecode.swift; path = DetailsView.swift; sourceTree = "<group>"; };
/* End PBXFileReference section */

/* Begin PBXFrameworksBuildPhase section */
		D23E9C89264CEB1500312A56 /* Frameworks */ = {
			isa = PBXFrameworksBuildPhase;
			buildActionMask = 2147483647;
			files = (
				60165CF4AAE6DC94E2777BDF /* Pods_Studio_Ghibli_Movies.framework in Frameworks */,
			);
			runOnlyForDeploymentPostprocessing = 0;
		};
/* End PBXFrameworksBuildPhase section */

/* Begin PBXGroup section */
		0300D23D26CEBD43009A5127 /* Cell */ = {
			isa = PBXGroup;
			children = (
				0374E039268C878000E535B6 /* CustomTableViewCell.xib */,
				0374E038268C878000E535B6 /* CustomTableViewCell.swift */,
			);
			path = Cell;
			sourceTree = "<group>";
		};
		0300D24226CECC8F009A5127 /* SignUp */ = {
			isa = PBXGroup;
			children = (
				0300D23726CE86A4009A5127 /* SignUpViewController.xib */,
				0300D24426CECCC3009A5127 /* SignUpViewController.swift */,
				0300D24826CECD1B009A5127 /* SignUpPresenter.swift */,
				0300D24A26CECD2E009A5127 /* SignUpView.swift */,
			);
			path = SignUp;
			sourceTree = "<group>";
		};
		0300D24326CECC9D009A5127 /* LogIn */ = {
			isa = PBXGroup;
			children = (
				0300D23926CE8902009A5127 /* LogInViewController.xib */,
				0300D24626CECCD1009A5127 /* LogInViewController.swift */,
				0300D24C26CECD40009A5127 /* LogInPresenter.swift */,
				0300D24E26CECD4E009A5127 /* LogInView.swift */,
			);
			path = LogIn;
			sourceTree = "<group>";
		};
		03C07DE526A8B4C100F68D2C /* Movies */ = {
			isa = PBXGroup;
			children = (
				03D1599E268A533A001E3144 /* MoviesViewController.xib */,
				D23E9CE3265084A700312A56 /* MoviesViewController.swift */,
				03C07DE626A8B4DA00F68D2C /* MoviesPresenter.swift */,
				03C07DE826A8B4E800F68D2C /* MoviesView.swift */,
			);
			path = Movies;
			sourceTree = "<group>";
		};
		A15976AFF1B2BBDE1117BD19 /* Pods */ = {
			isa = PBXGroup;
			children = (
				BAB65E4BED664886EC859F61 /* Pods-Studio Ghibli Movies.debug.xcconfig */,
				CB6325ED92742E895322AC53 /* Pods-Studio Ghibli Movies.release.xcconfig */,
			);
			path = Pods;
			sourceTree = "<group>";
		};
		BEFB132CE86462F0755D77B8 /* Frameworks */ = {
			isa = PBXGroup;
			children = (
				819D9C0DB4D311270FD910EE /* Pods_Studio_Ghibli_Movies.framework */,
			);
			name = Frameworks;
			sourceTree = "<group>";
		};
		D23E9C83264CEB1500312A56 = {
			isa = PBXGroup;
			children = (
				D23E9C8E264CEB1500312A56 /* Studio Ghibli Movies */,
				D23E9C8D264CEB1500312A56 /* Products */,
				A15976AFF1B2BBDE1117BD19 /* Pods */,
				BEFB132CE86462F0755D77B8 /* Frameworks */,
			);
			sourceTree = "<group>";
		};
		D23E9C8D264CEB1500312A56 /* Products */ = {
			isa = PBXGroup;
			children = (
				D23E9C8C264CEB1500312A56 /* Studio Ghibli Movies.app */,
			);
			name = Products;
			sourceTree = "<group>";
		};
		D23E9C8E264CEB1500312A56 /* Studio Ghibli Movies */ = {
			isa = PBXGroup;
			children = (
				D23E9C8F264CEB1500312A56 /* AppDelegate.swift */,
				D23E9C91264CEB1500312A56 /* SceneDelegate.swift */,
				D23E9CAF264DDA4D00312A56 /* Models */,
				E96E7FD726C6DCD000099E09 /* Data */,
				D23E9CAA264DD5B900312A56 /* Views */,
				D23E9CA9264DD58D00312A56 /* Presentation */,
				D2742CEB26C6F76500F0D962 /* Utils */,
				D2742CF026CC1FEB00F0D962 /* Generated */,
				D23E9C9B264CEB2100312A56 /* Assets.xcassets */,
				D23E9C9D264CEB2100312A56 /* LaunchScreen.storyboard */,
				D2742CFE26CC282700F0D962 /* Info.plist */,
				D2742D0E26CC2E4B00F0D962 /* Localizable.strings */,
			);
			path = "Studio Ghibli Movies";
			sourceTree = "<group>";
		};
		D23E9CA9264DD58D00312A56 /* Presentation */ = {
			isa = PBXGroup;
			children = (
				0300D24226CECC8F009A5127 /* SignUp */,
				0300D24326CECC9D009A5127 /* LogIn */,
				E9C8726526A5E02C0064234E /* Details */,
				03C07DE526A8B4C100F68D2C /* Movies */,
			);
			path = Presentation;
			sourceTree = "<group>";
		};
		D23E9CAA264DD5B900312A56 /* Views */ = {
			isa = PBXGroup;
			children = (
				0300D23D26CEBD43009A5127 /* Cell */,
			);
			path = Views;
			sourceTree = "<group>";
		};
		D23E9CAF264DDA4D00312A56 /* Models */ = {
			isa = PBXGroup;
			children = (
				D23E9CB0264E04E000312A56 /* MovieData.swift */,
				038B82AC26B072410094375D /* Movie.swift */,
				038B82AE26B0724F0094375D /* Details.swift */,
				0300D23B26CE96AC009A5127 /* User.swift */,
			);
			path = Models;
			sourceTree = "<group>";
		};
		D2742CEB26C6F76500F0D962 /* Utils */ = {
			isa = PBXGroup;
			children = (
				D2742CEC26C6F7E800F0D962 /* ErrorType.swift */,
				03D486F026CFC9A5002E3769 /* Style.swift */,
				03D486F226D015B1002E3769 /* InputValidity.swift */,
				03D486F426D01617002E3769 /* InputValidator.swift */,
			);
			path = Utils;
			sourceTree = "<group>";
		};
		D2742CF026CC1FEB00F0D962 /* Generated */ = {
			isa = PBXGroup;
			children = (
				D2742D0C26CC2E2F00F0D962 /* Strings.swift */,
			);
			path = Generated;
			sourceTree = "<group>";
		};
		E96E7FD726C6DCD000099E09 /* Data */ = {
			isa = PBXGroup;
			children = (
				D2D8211426546AE3004328C3 /* DataBase.swift */,
				D2D8211226546A18004328C3 /* RxRequest.swift */,
				E96E7FD826C6DCF900099E09 /* RxParse.swift */,
			);
			path = Data;
			sourceTree = "<group>";
		};
		E9C8726526A5E02C0064234E /* Details */ = {
			isa = PBXGroup;
			children = (
				0300D24026CEC775009A5127 /* DetailsViewController.xib */,
				D23E9CB6264EBFF900312A56 /* DetailsViewController.swift */,
				E9C8726626A5E04D0064234E /* DetailsPresenter.swift */,
				E9C8726826A5E2BC0064234E /* DetailsView.swift */,
			);
			path = Details;
			sourceTree = "<group>";
		};
/* End PBXGroup section */

/* Begin PBXNativeTarget section */
		D23E9C8B264CEB1500312A56 /* Studio Ghibli Movies */ = {
			isa = PBXNativeTarget;
			buildConfigurationList = D23E9CA3264CEB2100312A56 /* Build configuration list for PBXNativeTarget "Studio Ghibli Movies" */;
			buildPhases = (
				68DDF7A7BA698DB02A2329F7 /* [CP] Check Pods Manifest.lock */,
				D2742D1126CC2FB100F0D962 /* SwiftGen */,
				D23E9C88264CEB1500312A56 /* Sources */,
				D23E9C89264CEB1500312A56 /* Frameworks */,
				D23E9C8A264CEB1500312A56 /* Resources */,
				E8AA82E045420C49EF56F6E3 /* [CP] Embed Pods Frameworks */,
			);
			buildRules = (
			);
			dependencies = (
			);
			name = "Studio Ghibli Movies";
			productName = "Studio Ghibli Movies";
			productReference = D23E9C8C264CEB1500312A56 /* Studio Ghibli Movies.app */;
			productType = "com.apple.product-type.application";
		};
/* End PBXNativeTarget section */

/* Begin PBXProject section */
		D23E9C84264CEB1500312A56 /* Project object */ = {
			isa = PBXProject;
			attributes = {
				LastSwiftUpdateCheck = 1250;
				LastUpgradeCheck = 1250;
				TargetAttributes = {
					D23E9C8B264CEB1500312A56 = {
						CreatedOnToolsVersion = 12.5;
					};
				};
			};
			buildConfigurationList = D23E9C87264CEB1500312A56 /* Build configuration list for PBXProject "Studio Ghibli Movies" */;
			compatibilityVersion = "Xcode 9.3";
			developmentRegion = en;
			hasScannedForEncodings = 0;
			knownRegions = (
				en,
				Base,
			);
			mainGroup = D23E9C83264CEB1500312A56;
			productRefGroup = D23E9C8D264CEB1500312A56 /* Products */;
			projectDirPath = "";
			projectRoot = "";
			targets = (
				D23E9C8B264CEB1500312A56 /* Studio Ghibli Movies */,
			);
		};
/* End PBXProject section */

/* Begin PBXResourcesBuildPhase section */
		D23E9C8A264CEB1500312A56 /* Resources */ = {
			isa = PBXResourcesBuildPhase;
			buildActionMask = 2147483647;
			files = (
				0300D23826CE86A4009A5127 /* SignUpViewController.xib in Resources */,
				D23E9C9F264CEB2100312A56 /* LaunchScreen.storyboard in Resources */,
				D2742D1026CC2E4B00F0D962 /* Localizable.strings in Resources */,
				0374E03B268C878000E535B6 /* CustomTableViewCell.xib in Resources */,
				03D1599F268A533A001E3144 /* MoviesViewController.xib in Resources */,
				0300D23A26CE8902009A5127 /* LogInViewController.xib in Resources */,
				D23E9C9C264CEB2100312A56 /* Assets.xcassets in Resources */,
				D2742D1226CC322800F0D962 /* Info.plist in Resources */,
				0300D24126CEC775009A5127 /* DetailsViewController.xib in Resources */,
			);
			runOnlyForDeploymentPostprocessing = 0;
		};
/* End PBXResourcesBuildPhase section */

/* Begin PBXShellScriptBuildPhase section */
		68DDF7A7BA698DB02A2329F7 /* [CP] Check Pods Manifest.lock */ = {
			isa = PBXShellScriptBuildPhase;
			buildActionMask = 2147483647;
			files = (
			);
			inputFileListPaths = (
			);
			inputPaths = (
				"${PODS_PODFILE_DIR_PATH}/Podfile.lock",
				"${PODS_ROOT}/Manifest.lock",
			);
			name = "[CP] Check Pods Manifest.lock";
			outputFileListPaths = (
			);
			outputPaths = (
				"$(DERIVED_FILE_DIR)/Pods-Studio Ghibli Movies-checkManifestLockResult.txt",
			);
			runOnlyForDeploymentPostprocessing = 0;
			shellPath = /bin/sh;
			shellScript = "diff \"${PODS_PODFILE_DIR_PATH}/Podfile.lock\" \"${PODS_ROOT}/Manifest.lock\" > /dev/null\nif [ $? != 0 ] ; then\n    # print error to STDERR\n    echo \"error: The sandbox is not in sync with the Podfile.lock. Run 'pod install' or update your CocoaPods installation.\" >&2\n    exit 1\nfi\n# This output is used by Xcode 'outputs' to avoid re-running this script phase.\necho \"SUCCESS\" > \"${SCRIPT_OUTPUT_FILE_0}\"\n";
			showEnvVarsInLog = 0;
		};
		D2742D1126CC2FB100F0D962 /* SwiftGen */ = {
			isa = PBXShellScriptBuildPhase;
			buildActionMask = 2147483647;
			files = (
			);
			inputFileListPaths = (
			);
			inputPaths = (
			);
			name = SwiftGen;
			outputFileListPaths = (
			);
			outputPaths = (
			);
			runOnlyForDeploymentPostprocessing = 0;
			shellPath = /bin/sh;
			shellScript = "# Type a script or drag a script file from your workspace to insert its path.\nif [[ -f \"${PODS_ROOT}/SwiftGen/bin/swiftgen\" ]]; then\n  \"${PODS_ROOT}/SwiftGen/bin/swiftgen\"\nelse\n  echo \"warning: SwiftGen is not installed. Run 'pod install --repo-update' to install it.\"\nfi\n";
		};
		E8AA82E045420C49EF56F6E3 /* [CP] Embed Pods Frameworks */ = {
			isa = PBXShellScriptBuildPhase;
			buildActionMask = 2147483647;
			files = (
			);
			inputFileListPaths = (
				"${PODS_ROOT}/Target Support Files/Pods-Studio Ghibli Movies/Pods-Studio Ghibli Movies-frameworks-${CONFIGURATION}-input-files.xcfilelist",
			);
			name = "[CP] Embed Pods Frameworks";
			outputFileListPaths = (
				"${PODS_ROOT}/Target Support Files/Pods-Studio Ghibli Movies/Pods-Studio Ghibli Movies-frameworks-${CONFIGURATION}-output-files.xcfilelist",
			);
			runOnlyForDeploymentPostprocessing = 0;
			shellPath = /bin/sh;
			shellScript = "\"${PODS_ROOT}/Target Support Files/Pods-Studio Ghibli Movies/Pods-Studio Ghibli Movies-frameworks.sh\"\n";
			showEnvVarsInLog = 0;
		};
/* End PBXShellScriptBuildPhase section */

/* Begin PBXSourcesBuildPhase section */
		D23E9C88264CEB1500312A56 /* Sources */ = {
			isa = PBXSourcesBuildPhase;
			buildActionMask = 2147483647;
			files = (
				D23E9CE4265084A700312A56 /* MoviesViewController.swift in Sources */,
				03C07DE926A8B4E800F68D2C /* MoviesView.swift in Sources */,
				E9C8726926A5E2BC0064234E /* DetailsView.swift in Sources */,
				D23E9C90264CEB1500312A56 /* AppDelegate.swift in Sources */,
				0374E03A268C878000E535B6 /* CustomTableViewCell.swift in Sources */,
				E96E7FD926C6DCF900099E09 /* RxParse.swift in Sources */,
				0300D24F26CECD4E009A5127 /* LogInView.swift in Sources */,
				D2742CED26C6F7E800F0D962 /* ErrorType.swift in Sources */,
				0300D24526CECCC3009A5127 /* SignUpViewController.swift in Sources */,
				0300D24726CECCD1009A5127 /* LogInViewController.swift in Sources */,
				03D486F326D015B1002E3769 /* InputValidity.swift in Sources */,
				D2D8211326546A18004328C3 /* RxRequest.swift in Sources */,
				038B82AF26B0724F0094375D /* Details.swift in Sources */,
				D23E9CB7264EBFF900312A56 /* DetailsViewController.swift in Sources */,
				03D486F126CFC9A5002E3769 /* Style.swift in Sources */,
				D2D8211526546AE3004328C3 /* DataBase.swift in Sources */,
				038B82AD26B072410094375D /* Movie.swift in Sources */,
				D2742D0D26CC2E2F00F0D962 /* Strings.swift in Sources */,
				D23E9C92264CEB1500312A56 /* SceneDelegate.swift in Sources */,
				0300D24D26CECD40009A5127 /* LogInPresenter.swift in Sources */,
				0300D24B26CECD2E009A5127 /* SignUpView.swift in Sources */,
				0300D23C26CE96AC009A5127 /* User.swift in Sources */,
				03D486F526D01617002E3769 /* InputValidator.swift in Sources */,
				D23E9CB1264E04E000312A56 /* MovieData.swift in Sources */,
				0300D24926CECD1B009A5127 /* SignUpPresenter.swift in Sources */,
				E9C8726726A5E04D0064234E /* DetailsPresenter.swift in Sources */,
				03C07DE726A8B4DA00F68D2C /* MoviesPresenter.swift in Sources */,
			);
			runOnlyForDeploymentPostprocessing = 0;
		};
/* End PBXSourcesBuildPhase section */

/* Begin PBXVariantGroup section */
		D23E9C9D264CEB2100312A56 /* LaunchScreen.storyboard */ = {
			isa = PBXVariantGroup;
			children = (
				D23E9C9E264CEB2100312A56 /* Base */,
			);
			name = LaunchScreen.storyboard;
			sourceTree = "<group>";
		};
		D2742CFE26CC282700F0D962 /* Info.plist */ = {
			isa = PBXVariantGroup;
			children = (
				D2742CFD26CC282700F0D962 /* Base */,
			);
			name = Info.plist;
			sourceTree = "<group>";
		};
		D2742D0E26CC2E4B00F0D962 /* Localizable.strings */ = {
			isa = PBXVariantGroup;
			children = (
				D2742D0F26CC2E4B00F0D962 /* Base */,
			);
			name = Localizable.strings;
			sourceTree = "<group>";
		};
/* End PBXVariantGroup section */

/* Begin XCBuildConfiguration section */
		D23E9CA1264CEB2100312A56 /* Debug */ = {
			isa = XCBuildConfiguration;
			buildSettings = {
				ALWAYS_SEARCH_USER_PATHS = NO;
				CLANG_ANALYZER_NONNULL = YES;
				CLANG_ANALYZER_NUMBER_OBJECT_CONVERSION = YES_AGGRESSIVE;
				CLANG_CXX_LANGUAGE_STANDARD = "gnu++14";
				CLANG_CXX_LIBRARY = "libc++";
				CLANG_ENABLE_MODULES = YES;
				CLANG_ENABLE_OBJC_ARC = YES;
				CLANG_ENABLE_OBJC_WEAK = YES;
				CLANG_WARN_BLOCK_CAPTURE_AUTORELEASING = YES;
				CLANG_WARN_BOOL_CONVERSION = YES;
				CLANG_WARN_COMMA = YES;
				CLANG_WARN_CONSTANT_CONVERSION = YES;
				CLANG_WARN_DEPRECATED_OBJC_IMPLEMENTATIONS = YES;
				CLANG_WARN_DIRECT_OBJC_ISA_USAGE = YES_ERROR;
				CLANG_WARN_DOCUMENTATION_COMMENTS = YES;
				CLANG_WARN_EMPTY_BODY = YES;
				CLANG_WARN_ENUM_CONVERSION = YES;
				CLANG_WARN_INFINITE_RECURSION = YES;
				CLANG_WARN_INT_CONVERSION = YES;
				CLANG_WARN_NON_LITERAL_NULL_CONVERSION = YES;
				CLANG_WARN_OBJC_IMPLICIT_RETAIN_SELF = YES;
				CLANG_WARN_OBJC_LITERAL_CONVERSION = YES;
				CLANG_WARN_OBJC_ROOT_CLASS = YES_ERROR;
				CLANG_WARN_QUOTED_INCLUDE_IN_FRAMEWORK_HEADER = YES;
				CLANG_WARN_RANGE_LOOP_ANALYSIS = YES;
				CLANG_WARN_STRICT_PROTOTYPES = YES;
				CLANG_WARN_SUSPICIOUS_MOVE = YES;
				CLANG_WARN_UNGUARDED_AVAILABILITY = YES_AGGRESSIVE;
				CLANG_WARN_UNREACHABLE_CODE = YES;
				CLANG_WARN__DUPLICATE_METHOD_MATCH = YES;
				COPY_PHASE_STRIP = NO;
				DEBUG_INFORMATION_FORMAT = dwarf;
				ENABLE_STRICT_OBJC_MSGSEND = YES;
				ENABLE_TESTABILITY = YES;
				GCC_C_LANGUAGE_STANDARD = gnu11;
				GCC_DYNAMIC_NO_PIC = NO;
				GCC_NO_COMMON_BLOCKS = YES;
				GCC_OPTIMIZATION_LEVEL = 0;
				GCC_PREPROCESSOR_DEFINITIONS = (
					"DEBUG=1",
					"$(inherited)",
				);
				GCC_WARN_64_TO_32_BIT_CONVERSION = YES;
				GCC_WARN_ABOUT_RETURN_TYPE = YES_ERROR;
				GCC_WARN_UNDECLARED_SELECTOR = YES;
				GCC_WARN_UNINITIALIZED_AUTOS = YES_AGGRESSIVE;
				GCC_WARN_UNUSED_FUNCTION = YES;
				GCC_WARN_UNUSED_VARIABLE = YES;
				IPHONEOS_DEPLOYMENT_TARGET = 14.5;
				MTL_ENABLE_DEBUG_INFO = INCLUDE_SOURCE;
				MTL_FAST_MATH = YES;
				ONLY_ACTIVE_ARCH = YES;
				SDKROOT = iphoneos;
				SWIFT_ACTIVE_COMPILATION_CONDITIONS = DEBUG;
				SWIFT_OPTIMIZATION_LEVEL = "-Onone";
			};
			name = Debug;
		};
		D23E9CA2264CEB2100312A56 /* Release */ = {
			isa = XCBuildConfiguration;
			buildSettings = {
				ALWAYS_SEARCH_USER_PATHS = NO;
				CLANG_ANALYZER_NONNULL = YES;
				CLANG_ANALYZER_NUMBER_OBJECT_CONVERSION = YES_AGGRESSIVE;
				CLANG_CXX_LANGUAGE_STANDARD = "gnu++14";
				CLANG_CXX_LIBRARY = "libc++";
				CLANG_ENABLE_MODULES = YES;
				CLANG_ENABLE_OBJC_ARC = YES;
				CLANG_ENABLE_OBJC_WEAK = YES;
				CLANG_WARN_BLOCK_CAPTURE_AUTORELEASING = YES;
				CLANG_WARN_BOOL_CONVERSION = YES;
				CLANG_WARN_COMMA = YES;
				CLANG_WARN_CONSTANT_CONVERSION = YES;
				CLANG_WARN_DEPRECATED_OBJC_IMPLEMENTATIONS = YES;
				CLANG_WARN_DIRECT_OBJC_ISA_USAGE = YES_ERROR;
				CLANG_WARN_DOCUMENTATION_COMMENTS = YES;
				CLANG_WARN_EMPTY_BODY = YES;
				CLANG_WARN_ENUM_CONVERSION = YES;
				CLANG_WARN_INFINITE_RECURSION = YES;
				CLANG_WARN_INT_CONVERSION = YES;
				CLANG_WARN_NON_LITERAL_NULL_CONVERSION = YES;
				CLANG_WARN_OBJC_IMPLICIT_RETAIN_SELF = YES;
				CLANG_WARN_OBJC_LITERAL_CONVERSION = YES;
				CLANG_WARN_OBJC_ROOT_CLASS = YES_ERROR;
				CLANG_WARN_QUOTED_INCLUDE_IN_FRAMEWORK_HEADER = YES;
				CLANG_WARN_RANGE_LOOP_ANALYSIS = YES;
				CLANG_WARN_STRICT_PROTOTYPES = YES;
				CLANG_WARN_SUSPICIOUS_MOVE = YES;
				CLANG_WARN_UNGUARDED_AVAILABILITY = YES_AGGRESSIVE;
				CLANG_WARN_UNREACHABLE_CODE = YES;
				CLANG_WARN__DUPLICATE_METHOD_MATCH = YES;
				COPY_PHASE_STRIP = NO;
				DEBUG_INFORMATION_FORMAT = "dwarf-with-dsym";
				ENABLE_NS_ASSERTIONS = NO;
				ENABLE_STRICT_OBJC_MSGSEND = YES;
				GCC_C_LANGUAGE_STANDARD = gnu11;
				GCC_NO_COMMON_BLOCKS = YES;
				GCC_WARN_64_TO_32_BIT_CONVERSION = YES;
				GCC_WARN_ABOUT_RETURN_TYPE = YES_ERROR;
				GCC_WARN_UNDECLARED_SELECTOR = YES;
				GCC_WARN_UNINITIALIZED_AUTOS = YES_AGGRESSIVE;
				GCC_WARN_UNUSED_FUNCTION = YES;
				GCC_WARN_UNUSED_VARIABLE = YES;
				IPHONEOS_DEPLOYMENT_TARGET = 14.5;
				MTL_ENABLE_DEBUG_INFO = NO;
				MTL_FAST_MATH = YES;
				SDKROOT = iphoneos;
				SWIFT_COMPILATION_MODE = wholemodule;
				SWIFT_OPTIMIZATION_LEVEL = "-O";
				VALIDATE_PRODUCT = YES;
			};
			name = Release;
		};
		D23E9CA4264CEB2100312A56 /* Debug */ = {
			isa = XCBuildConfiguration;
			baseConfigurationReference = BAB65E4BED664886EC859F61 /* Pods-Studio Ghibli Movies.debug.xcconfig */;
			buildSettings = {
				ASSETCATALOG_COMPILER_APPICON_NAME = AppIcon;
				ASSETCATALOG_COMPILER_GLOBAL_ACCENT_COLOR_NAME = AccentColor;
				CODE_SIGN_STYLE = Automatic;
				DEVELOPMENT_TEAM = 9ZP865PY87;
				INFOPLIST_FILE = "Studio Ghibli Movies/Info.plist";
				LD_RUNPATH_SEARCH_PATHS = (
					"$(inherited)",
					"@executable_path/Frameworks",
				);
				PRODUCT_BUNDLE_IDENTIFIER = "Guilherme-Mendes.Studio-Ghibli-Movies";
				PRODUCT_NAME = "$(TARGET_NAME)";
				SWIFT_VERSION = 5.0;
				TARGETED_DEVICE_FAMILY = "1,2";
			};
			name = Debug;
		};
		D23E9CA5264CEB2100312A56 /* Release */ = {
			isa = XCBuildConfiguration;
			baseConfigurationReference = CB6325ED92742E895322AC53 /* Pods-Studio Ghibli Movies.release.xcconfig */;
			buildSettings = {
				ASSETCATALOG_COMPILER_APPICON_NAME = AppIcon;
				ASSETCATALOG_COMPILER_GLOBAL_ACCENT_COLOR_NAME = AccentColor;
				CODE_SIGN_STYLE = Automatic;
				DEVELOPMENT_TEAM = 9ZP865PY87;
				INFOPLIST_FILE = "Studio Ghibli Movies/Info.plist";
				LD_RUNPATH_SEARCH_PATHS = (
					"$(inherited)",
					"@executable_path/Frameworks",
				);
				PRODUCT_BUNDLE_IDENTIFIER = "Guilherme-Mendes.Studio-Ghibli-Movies";
				PRODUCT_NAME = "$(TARGET_NAME)";
				SWIFT_VERSION = 5.0;
				TARGETED_DEVICE_FAMILY = "1,2";
			};
			name = Release;
		};
/* End XCBuildConfiguration section */

/* Begin XCConfigurationList section */
		D23E9C87264CEB1500312A56 /* Build configuration list for PBXProject "Studio Ghibli Movies" */ = {
			isa = XCConfigurationList;
			buildConfigurations = (
				D23E9CA1264CEB2100312A56 /* Debug */,
				D23E9CA2264CEB2100312A56 /* Release */,
			);
			defaultConfigurationIsVisible = 0;
			defaultConfigurationName = Release;
		};
		D23E9CA3264CEB2100312A56 /* Build configuration list for PBXNativeTarget "Studio Ghibli Movies" */ = {
			isa = XCConfigurationList;
			buildConfigurations = (
				D23E9CA4264CEB2100312A56 /* Debug */,
				D23E9CA5264CEB2100312A56 /* Release */,
			);
			defaultConfigurationIsVisible = 0;
			defaultConfigurationName = Release;
		};
/* End XCConfigurationList section */
	};
	rootObject = D23E9C84264CEB1500312A56 /* Project object */;
}
