// !$*UTF8*$!
{
	archiveVersion = 1;
	classes = {
	};
	objectVersion = 50;
	objects = {

/* Begin PBXBuildFile section */
		D23E9C90264CEB1500312A56 /* AppDelegate.swift in Sources */ = {isa = PBXBuildFile; fileRef = D23E9C8F264CEB1500312A56 /* AppDelegate.swift */; };
		D23E9C92264CEB1500312A56 /* SceneDelegate.swift in Sources */ = {isa = PBXBuildFile; fileRef = D23E9C91264CEB1500312A56 /* SceneDelegate.swift */; };
		D23E9C94264CEB1500312A56 /* WelcomeViewController.swift in Sources */ = {isa = PBXBuildFile; fileRef = D23E9C93264CEB1500312A56 /* WelcomeViewController.swift */; };
		D23E9C97264CEB1500312A56 /* Main.storyboard in Resources */ = {isa = PBXBuildFile; fileRef = D23E9C95264CEB1500312A56 /* Main.storyboard */; };
		D23E9C9A264CEB1500312A56 /* Studio_Ghibli_Movies.xcdatamodeld in Sources */ = {isa = PBXBuildFile; fileRef = D23E9C98264CEB1500312A56 /* Studio_Ghibli_Movies.xcdatamodeld */; };
		D23E9C9C264CEB2100312A56 /* Assets.xcassets in Resources */ = {isa = PBXBuildFile; fileRef = D23E9C9B264CEB2100312A56 /* Assets.xcassets */; };
		D23E9C9F264CEB2100312A56 /* LaunchScreen.storyboard in Resources */ = {isa = PBXBuildFile; fileRef = D23E9C9D264CEB2100312A56 /* LaunchScreen.storyboard */; };
		D23E9CAC264DD60F00312A56 /* MoviesTableViewController.swift in Sources */ = {isa = PBXBuildFile; fileRef = D23E9CAB264DD60F00312A56 /* MoviesTableViewController.swift */; };
		D23E9CAE264DD64700312A56 /* FavoritesTableViewController.swift in Sources */ = {isa = PBXBuildFile; fileRef = D23E9CAD264DD64700312A56 /* FavoritesTableViewController.swift */; };
		D23E9CB1264E04E000312A56 /* MovieData.swift in Sources */ = {isa = PBXBuildFile; fileRef = D23E9CB0264E04E000312A56 /* MovieData.swift */; };
		D23E9CB3264E0E2F00312A56 /* MovieManager.swift in Sources */ = {isa = PBXBuildFile; fileRef = D23E9CB2264E0E2F00312A56 /* MovieManager.swift */; };
		D23E9CB7264EBFF900312A56 /* DetailsViewController.swift in Sources */ = {isa = PBXBuildFile; fileRef = D23E9CB6264EBFF900312A56 /* DetailsViewController.swift */; };
		D23E9CB9264EE16B00312A56 /* MovieModel.swift in Sources */ = {isa = PBXBuildFile; fileRef = D23E9CB8264EE16B00312A56 /* MovieModel.swift */; };
/* End PBXBuildFile section */

/* Begin PBXFileReference section */
		D23E9C8C264CEB1500312A56 /* Studio Ghibli Movies.app */ = {isa = PBXFileReference; explicitFileType = wrapper.application; includeInIndex = 0; path = "Studio Ghibli Movies.app"; sourceTree = BUILT_PRODUCTS_DIR; };
		D23E9C8F264CEB1500312A56 /* AppDelegate.swift */ = {isa = PBXFileReference; lastKnownFileType = sourcecode.swift; path = AppDelegate.swift; sourceTree = "<group>"; };
		D23E9C91264CEB1500312A56 /* SceneDelegate.swift */ = {isa = PBXFileReference; lastKnownFileType = sourcecode.swift; path = SceneDelegate.swift; sourceTree = "<group>"; };
		D23E9C93264CEB1500312A56 /* WelcomeViewController.swift */ = {isa = PBXFileReference; lastKnownFileType = sourcecode.swift; path = WelcomeViewController.swift; sourceTree = "<group>"; };
		D23E9C96264CEB1500312A56 /* Base */ = {isa = PBXFileReference; lastKnownFileType = file.storyboard; name = Base; path = Base.lproj/Main.storyboard; sourceTree = "<group>"; };
		D23E9C99264CEB1500312A56 /* Studio_Ghibli_Movies.xcdatamodel */ = {isa = PBXFileReference; lastKnownFileType = wrapper.xcdatamodel; path = Studio_Ghibli_Movies.xcdatamodel; sourceTree = "<group>"; };
		D23E9C9B264CEB2100312A56 /* Assets.xcassets */ = {isa = PBXFileReference; lastKnownFileType = folder.assetcatalog; path = Assets.xcassets; sourceTree = "<group>"; };
		D23E9C9E264CEB2100312A56 /* Base */ = {isa = PBXFileReference; lastKnownFileType = file.storyboard; name = Base; path = Base.lproj/LaunchScreen.storyboard; sourceTree = "<group>"; };
		D23E9CA0264CEB2100312A56 /* Info.plist */ = {isa = PBXFileReference; lastKnownFileType = text.plist.xml; path = Info.plist; sourceTree = "<group>"; };
		D23E9CAB264DD60F00312A56 /* MoviesTableViewController.swift */ = {isa = PBXFileReference; lastKnownFileType = sourcecode.swift; path = MoviesTableViewController.swift; sourceTree = "<group>"; };
		D23E9CAD264DD64700312A56 /* FavoritesTableViewController.swift */ = {isa = PBXFileReference; lastKnownFileType = sourcecode.swift; path = FavoritesTableViewController.swift; sourceTree = "<group>"; };
		D23E9CB0264E04E000312A56 /* MovieData.swift */ = {isa = PBXFileReference; lastKnownFileType = sourcecode.swift; path = MovieData.swift; sourceTree = "<group>"; };
		D23E9CB2264E0E2F00312A56 /* MovieManager.swift */ = {isa = PBXFileReference; lastKnownFileType = sourcecode.swift; path = MovieManager.swift; sourceTree = "<group>"; };
		D23E9CB6264EBFF900312A56 /* DetailsViewController.swift */ = {isa = PBXFileReference; lastKnownFileType = sourcecode.swift; path = DetailsViewController.swift; sourceTree = "<group>"; };
		D23E9CB8264EE16B00312A56 /* MovieModel.swift */ = {isa = PBXFileReference; lastKnownFileType = sourcecode.swift; path = MovieModel.swift; sourceTree = "<group>"; };
/* End PBXFileReference section */

/* Begin PBXFrameworksBuildPhase section */
		D23E9C89264CEB1500312A56 /* Frameworks */ = {
			isa = PBXFrameworksBuildPhase;
			buildActionMask = 2147483647;
			files = (
			);
			runOnlyForDeploymentPostprocessing = 0;
		};
/* End PBXFrameworksBuildPhase section */

/* Begin PBXGroup section */
		D23E9C83264CEB1500312A56 = {
			isa = PBXGroup;
			children = (
				D23E9C8E264CEB1500312A56 /* Studio Ghibli Movies */,
				D23E9C8D264CEB1500312A56 /* Products */,
			);
			sourceTree = "<group>";
		};
		D23E9C8D264CEB1500312A56 /* Products */ = {
			isa = PBXGroup;
			children = (
				D23E9C8C264CEB1500312A56 /* Studio Ghibli Movies.app */,
			);
			name = Products;
			sourceTree = "<group>";
		};
		D23E9C8E264CEB1500312A56 /* Studio Ghibli Movies */ = {
			isa = PBXGroup;
			children = (
				D23E9C8F264CEB1500312A56 /* AppDelegate.swift */,
				D23E9C91264CEB1500312A56 /* SceneDelegate.swift */,
				D23E9CAF264DDA4D00312A56 /* Models */,
				D23E9CAA264DD5B900312A56 /* Views */,
				D23E9CA9264DD58D00312A56 /* Controllers */,
				D23E9C9B264CEB2100312A56 /* Assets.xcassets */,
				D23E9C9D264CEB2100312A56 /* LaunchScreen.storyboard */,
				D23E9CA0264CEB2100312A56 /* Info.plist */,
			);
			path = "Studio Ghibli Movies";
			sourceTree = "<group>";
		};
		D23E9CA9264DD58D00312A56 /* Controllers */ = {
			isa = PBXGroup;
			children = (
				D23E9C93264CEB1500312A56 /* WelcomeViewController.swift */,
				D23E9CAB264DD60F00312A56 /* MoviesTableViewController.swift */,
				D23E9CAD264DD64700312A56 /* FavoritesTableViewController.swift */,
				D23E9CB6264EBFF900312A56 /* DetailsViewController.swift */,
			);
			path = Controllers;
			sourceTree = "<group>";
		};
		D23E9CAA264DD5B900312A56 /* Views */ = {
			isa = PBXGroup;
			children = (
				D23E9C95264CEB1500312A56 /* Main.storyboard */,
			);
			path = Views;
			sourceTree = "<group>";
		};
		D23E9CAF264DDA4D00312A56 /* Models */ = {
			isa = PBXGroup;
			children = (
				D23E9C98264CEB1500312A56 /* Studio_Ghibli_Movies.xcdatamodeld */,
				D23E9CB0264E04E000312A56 /* MovieData.swift */,
				D23E9CB2264E0E2F00312A56 /* MovieManager.swift */,
				D23E9CB8264EE16B00312A56 /* MovieModel.swift */,
			);
			path = Models;
			sourceTree = "<group>";
		};
/* End PBXGroup section */

/* Begin PBXNativeTarget section */
		D23E9C8B264CEB1500312A56 /* Studio Ghibli Movies */ = {
			isa = PBXNativeTarget;
			buildConfigurationList = D23E9CA3264CEB2100312A56 /* Build configuration list for PBXNativeTarget "Studio Ghibli Movies" */;
			buildPhases = (
				D23E9C88264CEB1500312A56 /* Sources */,
				D23E9C89264CEB1500312A56 /* Frameworks */,
				D23E9C8A264CEB1500312A56 /* Resources */,
			);
			buildRules = (
			);
			dependencies = (
			);
			name = "Studio Ghibli Movies";
			productName = "Studio Ghibli Movies";
			productReference = D23E9C8C264CEB1500312A56 /* Studio Ghibli Movies.app */;
			productType = "com.apple.product-type.application";
		};
/* End PBXNativeTarget section */

/* Begin PBXProject section */
		D23E9C84264CEB1500312A56 /* Project object */ = {
			isa = PBXProject;
			attributes = {
				LastSwiftUpdateCheck = 1250;
				LastUpgradeCheck = 1250;
				TargetAttributes = {
					D23E9C8B264CEB1500312A56 = {
						CreatedOnToolsVersion = 12.5;
					};
				};
			};
			buildConfigurationList = D23E9C87264CEB1500312A56 /* Build configuration list for PBXProject "Studio Ghibli Movies" */;
			compatibilityVersion = "Xcode 9.3";
			developmentRegion = en;
			hasScannedForEncodings = 0;
			knownRegions = (
				en,
				Base,
			);
			mainGroup = D23E9C83264CEB1500312A56;
			productRefGroup = D23E9C8D264CEB1500312A56 /* Products */;
			projectDirPath = "";
			projectRoot = "";
			targets = (
				D23E9C8B264CEB1500312A56 /* Studio Ghibli Movies */,
			);
		};
/* End PBXProject section */

/* Begin PBXResourcesBuildPhase section */
		D23E9C8A264CEB1500312A56 /* Resources */ = {
			isa = PBXResourcesBuildPhase;
			buildActionMask = 2147483647;
			files = (
				D23E9C9F264CEB2100312A56 /* LaunchScreen.storyboard in Resources */,
				D23E9C9C264CEB2100312A56 /* Assets.xcassets in Resources */,
				D23E9C97264CEB1500312A56 /* Main.storyboard in Resources */,
			);
			runOnlyForDeploymentPostprocessing = 0;
		};
/* End PBXResourcesBuildPhase section */

/* Begin PBXSourcesBuildPhase section */
		D23E9C88264CEB1500312A56 /* Sources */ = {
			isa = PBXSourcesBuildPhase;
			buildActionMask = 2147483647;
			files = (
				D23E9C94264CEB1500312A56 /* WelcomeViewController.swift in Sources */,
				D23E9C90264CEB1500312A56 /* AppDelegate.swift in Sources */,
				D23E9CB7264EBFF900312A56 /* DetailsViewController.swift in Sources */,
				D23E9C92264CEB1500312A56 /* SceneDelegate.swift in Sources */,
				D23E9CB1264E04E000312A56 /* MovieData.swift in Sources */,
				D23E9CB9264EE16B00312A56 /* MovieModel.swift in Sources */,
				D23E9CAE264DD64700312A56 /* FavoritesTableViewController.swift in Sources */,
				D23E9CAC264DD60F00312A56 /* MoviesTableViewController.swift in Sources */,
				D23E9C9A264CEB1500312A56 /* Studio_Ghibli_Movies.xcdatamodeld in Sources */,
				D23E9CB3264E0E2F00312A56 /* MovieManager.swift in Sources */,
			);
			runOnlyForDeploymentPostprocessing = 0;
		};
/* End PBXSourcesBuildPhase section */

/* Begin PBXVariantGroup section */
		D23E9C95264CEB1500312A56 /* Main.storyboard */ = {
			isa = PBXVariantGroup;
			children = (
				D23E9C96264CEB1500312A56 /* Base */,
			);
			name = Main.storyboard;
			sourceTree = "<group>";
		};
		D23E9C9D264CEB2100312A56 /* LaunchScreen.storyboard */ = {
			isa = PBXVariantGroup;
			children = (
				D23E9C9E264CEB2100312A56 /* Base */,
			);
			name = LaunchScreen.storyboard;
			sourceTree = "<group>";
		};
/* End PBXVariantGroup section */

/* Begin XCBuildConfiguration section */
		D23E9CA1264CEB2100312A56 /* Debug */ = {
			isa = XCBuildConfiguration;
			buildSettings = {
				ALWAYS_SEARCH_USER_PATHS = NO;
				CLANG_ANALYZER_NONNULL = YES;
				CLANG_ANALYZER_NUMBER_OBJECT_CONVERSION = YES_AGGRESSIVE;
				CLANG_CXX_LANGUAGE_STANDARD = "gnu++14";
				CLANG_CXX_LIBRARY = "libc++";
				CLANG_ENABLE_MODULES = YES;
				CLANG_ENABLE_OBJC_ARC = YES;
				CLANG_ENABLE_OBJC_WEAK = YES;
				CLANG_WARN_BLOCK_CAPTURE_AUTORELEASING = YES;
				CLANG_WARN_BOOL_CONVERSION = YES;
				CLANG_WARN_COMMA = YES;
				CLANG_WARN_CONSTANT_CONVERSION = YES;
				CLANG_WARN_DEPRECATED_OBJC_IMPLEMENTATIONS = YES;
				CLANG_WARN_DIRECT_OBJC_ISA_USAGE = YES_ERROR;
				CLANG_WARN_DOCUMENTATION_COMMENTS = YES;
				CLANG_WARN_EMPTY_BODY = YES;
				CLANG_WARN_ENUM_CONVERSION = YES;
				CLANG_WARN_INFINITE_RECURSION = YES;
				CLANG_WARN_INT_CONVERSION = YES;
				CLANG_WARN_NON_LITERAL_NULL_CONVERSION = YES;
				CLANG_WARN_OBJC_IMPLICIT_RETAIN_SELF = YES;
				CLANG_WARN_OBJC_LITERAL_CONVERSION = YES;
				CLANG_WARN_OBJC_ROOT_CLASS = YES_ERROR;
				CLANG_WARN_QUOTED_INCLUDE_IN_FRAMEWORK_HEADER = YES;
				CLANG_WARN_RANGE_LOOP_ANALYSIS = YES;
				CLANG_WARN_STRICT_PROTOTYPES = YES;
				CLANG_WARN_SUSPICIOUS_MOVE = YES;
				CLANG_WARN_UNGUARDED_AVAILABILITY = YES_AGGRESSIVE;
				CLANG_WARN_UNREACHABLE_CODE = YES;
				CLANG_WARN__DUPLICATE_METHOD_MATCH = YES;
				COPY_PHASE_STRIP = NO;
				DEBUG_INFORMATION_FORMAT = dwarf;
				ENABLE_STRICT_OBJC_MSGSEND = YES;
				ENABLE_TESTABILITY = YES;
				GCC_C_LANGUAGE_STANDARD = gnu11;
				GCC_DYNAMIC_NO_PIC = NO;
				GCC_NO_COMMON_BLOCKS = YES;
				GCC_OPTIMIZATION_LEVEL = 0;
				GCC_PREPROCESSOR_DEFINITIONS = (
					"DEBUG=1",
					"$(inherited)",
				);
				GCC_WARN_64_TO_32_BIT_CONVERSION = YES;
				GCC_WARN_ABOUT_RETURN_TYPE = YES_ERROR;
				GCC_WARN_UNDECLARED_SELECTOR = YES;
				GCC_WARN_UNINITIALIZED_AUTOS = YES_AGGRESSIVE;
				GCC_WARN_UNUSED_FUNCTION = YES;
				GCC_WARN_UNUSED_VARIABLE = YES;
				IPHONEOS_DEPLOYMENT_TARGET = 14.5;
				MTL_ENABLE_DEBUG_INFO = INCLUDE_SOURCE;
				MTL_FAST_MATH = YES;
				ONLY_ACTIVE_ARCH = YES;
				SDKROOT = iphoneos;
				SWIFT_ACTIVE_COMPILATION_CONDITIONS = DEBUG;
				SWIFT_OPTIMIZATION_LEVEL = "-Onone";
			};
			name = Debug;
		};
		D23E9CA2264CEB2100312A56 /* Release */ = {
			isa = XCBuildConfiguration;
			buildSettings = {
				ALWAYS_SEARCH_USER_PATHS = NO;
				CLANG_ANALYZER_NONNULL = YES;
				CLANG_ANALYZER_NUMBER_OBJECT_CONVERSION = YES_AGGRESSIVE;
				CLANG_CXX_LANGUAGE_STANDARD = "gnu++14";
				CLANG_CXX_LIBRARY = "libc++";
				CLANG_ENABLE_MODULES = YES;
				CLANG_ENABLE_OBJC_ARC = YES;
				CLANG_ENABLE_OBJC_WEAK = YES;
				CLANG_WARN_BLOCK_CAPTURE_AUTORELEASING = YES;
				CLANG_WARN_BOOL_CONVERSION = YES;
				CLANG_WARN_COMMA = YES;
				CLANG_WARN_CONSTANT_CONVERSION = YES;
				CLANG_WARN_DEPRECATED_OBJC_IMPLEMENTATIONS = YES;
				CLANG_WARN_DIRECT_OBJC_ISA_USAGE = YES_ERROR;
				CLANG_WARN_DOCUMENTATION_COMMENTS = YES;
				CLANG_WARN_EMPTY_BODY = YES;
				CLANG_WARN_ENUM_CONVERSION = YES;
				CLANG_WARN_INFINITE_RECURSION = YES;
				CLANG_WARN_INT_CONVERSION = YES;
				CLANG_WARN_NON_LITERAL_NULL_CONVERSION = YES;
				CLANG_WARN_OBJC_IMPLICIT_RETAIN_SELF = YES;
				CLANG_WARN_OBJC_LITERAL_CONVERSION = YES;
				CLANG_WARN_OBJC_ROOT_CLASS = YES_ERROR;
				CLANG_WARN_QUOTED_INCLUDE_IN_FRAMEWORK_HEADER = YES;
				CLANG_WARN_RANGE_LOOP_ANALYSIS = YES;
				CLANG_WARN_STRICT_PROTOTYPES = YES;
				CLANG_WARN_SUSPICIOUS_MOVE = YES;
				CLANG_WARN_UNGUARDED_AVAILABILITY = YES_AGGRESSIVE;
				CLANG_WARN_UNREACHABLE_CODE = YES;
				CLANG_WARN__DUPLICATE_METHOD_MATCH = YES;
				COPY_PHASE_STRIP = NO;
				DEBUG_INFORMATION_FORMAT = "dwarf-with-dsym";
				ENABLE_NS_ASSERTIONS = NO;
				ENABLE_STRICT_OBJC_MSGSEND = YES;
				GCC_C_LANGUAGE_STANDARD = gnu11;
				GCC_NO_COMMON_BLOCKS = YES;
				GCC_WARN_64_TO_32_BIT_CONVERSION = YES;
				GCC_WARN_ABOUT_RETURN_TYPE = YES_ERROR;
				GCC_WARN_UNDECLARED_SELECTOR = YES;
				GCC_WARN_UNINITIALIZED_AUTOS = YES_AGGRESSIVE;
				GCC_WARN_UNUSED_FUNCTION = YES;
				GCC_WARN_UNUSED_VARIABLE = YES;
				IPHONEOS_DEPLOYMENT_TARGET = 14.5;
				MTL_ENABLE_DEBUG_INFO = NO;
				MTL_FAST_MATH = YES;
				SDKROOT = iphoneos;
				SWIFT_COMPILATION_MODE = wholemodule;
				SWIFT_OPTIMIZATION_LEVEL = "-O";
				VALIDATE_PRODUCT = YES;
			};
			name = Release;
		};
		D23E9CA4264CEB2100312A56 /* Debug */ = {
			isa = XCBuildConfiguration;
			buildSettings = {
				ASSETCATALOG_COMPILER_APPICON_NAME = AppIcon;
				ASSETCATALOG_COMPILER_GLOBAL_ACCENT_COLOR_NAME = AccentColor;
				CODE_SIGN_STYLE = Automatic;
				DEVELOPMENT_TEAM = 9ZP865PY87;
				INFOPLIST_FILE = "Studio Ghibli Movies/Info.plist";
				LD_RUNPATH_SEARCH_PATHS = (
					"$(inherited)",
					"@executable_path/Frameworks",
				);
				PRODUCT_BUNDLE_IDENTIFIER = "Guilherme-Mendes.Studio-Ghibli-Movies";
				PRODUCT_NAME = "$(TARGET_NAME)";
				SWIFT_VERSION = 5.0;
				TARGETED_DEVICE_FAMILY = "1,2";
			};
			name = Debug;
		};
		D23E9CA5264CEB2100312A56 /* Release */ = {
			isa = XCBuildConfiguration;
			buildSettings = {
				ASSETCATALOG_COMPILER_APPICON_NAME = AppIcon;
				ASSETCATALOG_COMPILER_GLOBAL_ACCENT_COLOR_NAME = AccentColor;
				CODE_SIGN_STYLE = Automatic;
				DEVELOPMENT_TEAM = 9ZP865PY87;
				INFOPLIST_FILE = "Studio Ghibli Movies/Info.plist";
				LD_RUNPATH_SEARCH_PATHS = (
					"$(inherited)",
					"@executable_path/Frameworks",
				);
				PRODUCT_BUNDLE_IDENTIFIER = "Guilherme-Mendes.Studio-Ghibli-Movies";
				PRODUCT_NAME = "$(TARGET_NAME)";
				SWIFT_VERSION = 5.0;
				TARGETED_DEVICE_FAMILY = "1,2";
			};
			name = Release;
		};
/* End XCBuildConfiguration section */

/* Begin XCConfigurationList section */
		D23E9C87264CEB1500312A56 /* Build configuration list for PBXProject "Studio Ghibli Movies" */ = {
			isa = XCConfigurationList;
			buildConfigurations = (
				D23E9CA1264CEB2100312A56 /* Debug */,
				D23E9CA2264CEB2100312A56 /* Release */,
			);
			defaultConfigurationIsVisible = 0;
			defaultConfigurationName = Release;
		};
		D23E9CA3264CEB2100312A56 /* Build configuration list for PBXNativeTarget "Studio Ghibli Movies" */ = {
			isa = XCConfigurationList;
			buildConfigurations = (
				D23E9CA4264CEB2100312A56 /* Debug */,
				D23E9CA5264CEB2100312A56 /* Release */,
			);
			defaultConfigurationIsVisible = 0;
			defaultConfigurationName = Release;
		};
/* End XCConfigurationList section */

/* Begin XCVersionGroup section */
		D23E9C98264CEB1500312A56 /* Studio_Ghibli_Movies.xcdatamodeld */ = {
			isa = XCVersionGroup;
			children = (
				D23E9C99264CEB1500312A56 /* Studio_Ghibli_Movies.xcdatamodel */,
			);
			currentVersion = D23E9C99264CEB1500312A56 /* Studio_Ghibli_Movies.xcdatamodel */;
			path = Studio_Ghibli_Movies.xcdatamodeld;
			sourceTree = "<group>";
			versionGroupType = wrapper.xcdatamodel;
		};
/* End XCVersionGroup section */
	};
	rootObject = D23E9C84264CEB1500312A56 /* Project object */;
}
